
Microsoft Visual Studio Solution File, Format Version 12.00
# Visual Studio 15
VisualStudioVersion = 15.0.27428.2015
MinimumVisualStudioVersion = 10.0.40219.1
Project("{FAE04EC0-301F-11D3-BF4B-00C04F79EFBC}") = "База даних пристроїв супутникового зв'язку", "База даних пристроїв супутникового зв'язку\База даних пристроїв супутникового зв'язку.csproj", "{21E4EF37-D337-4F01-B1BE-3DBB7B9742A8}"
EndProject
Global
	GlobalSection(SolutionConfigurationPlatforms) = preSolution
		Debug|Any CPU = Debug|Any CPU
		Release|Any CPU = Release|Any CPU
	EndGlobalSection
	GlobalSection(ProjectConfigurationPlatforms) = postSolution
		{21E4EF37-D337-4F01-B1BE-3DBB7B9742A8}.Debug|Any CPU.ActiveCfg = Debug|Any CPU
		{21E4EF37-D337-4F01-B1BE-3DBB7B9742A8}.Debug|Any CPU.Build.0 = Debug|Any CPU
		{21E4EF37-D337-4F01-B1BE-3DBB7B9742A8}.Release|Any CPU.ActiveCfg = Release|Any CPU
		{21E4EF37-D337-4F01-B1BE-3DBB7B9742A8}.Release|Any CPU.Build.0 = Release|Any CPU
	EndGlobalSection
	GlobalSection(SolutionProperties) = preSolution
		HideSolutionNode = FALSE
	EndGlobalSection
	GlobalSection(ExtensibilityGlobals) = postSolution
		SolutionGuid = {7D529C79-0929-4552-A242-E83D90153E8B}
	EndGlobalSection
EndGlobal
